// !$*UTF8*$!
{
	archiveVersion = 1;
	classes = {
	};
	objectVersion = 46;
	objects = {

/* Begin PBXBuildFile section */
		116CDF301B015EB100BCABFE /* AppDelegate.swift in Sources */ = {isa = PBXBuildFile; fileRef = 116CDF2F1B015EB100BCABFE /* AppDelegate.swift */; };
		116CDF321B015EB100BCABFE /* ViewController.swift in Sources */ = {isa = PBXBuildFile; fileRef = 116CDF311B015EB100BCABFE /* ViewController.swift */; };
		116CDF351B015EB100BCABFE /* Main.storyboard in Resources */ = {isa = PBXBuildFile; fileRef = 116CDF331B015EB100BCABFE /* Main.storyboard */; };
		116CDF371B015EB100BCABFE /* Images.xcassets in Resources */ = {isa = PBXBuildFile; fileRef = 116CDF361B015EB100BCABFE /* Images.xcassets */; };
		116CDF3A1B015EB100BCABFE /* LaunchScreen.xib in Resources */ = {isa = PBXBuildFile; fileRef = 116CDF381B015EB100BCABFE /* LaunchScreen.xib */; };
		116CDF461B015EB100BCABFE /* BacktrackTests.swift in Sources */ = {isa = PBXBuildFile; fileRef = 116CDF451B015EB100BCABFE /* BacktrackTests.swift */; };
		116CDF501B01651700BCABFE /* BacktrackViewController.swift in Sources */ = {isa = PBXBuildFile; fileRef = 116CDF4F1B01651700BCABFE /* BacktrackViewController.swift */; };
		117E09ED1B35A01C00A4D3EA /* SwiftyJSON.swift in Sources */ = {isa = PBXBuildFile; fileRef = 117E09EC1B35A01C00A4D3EA /* SwiftyJSON.swift */; };
/* End PBXBuildFile section */

/* Begin PBXContainerItemProxy section */
		116CDF401B015EB100BCABFE /* PBXContainerItemProxy */ = {
			isa = PBXContainerItemProxy;
			containerPortal = 116CDF221B015EB000BCABFE /* Project object */;
			proxyType = 1;
			remoteGlobalIDString = 116CDF291B015EB000BCABFE;
			remoteInfo = Backtrack;
		};
/* End PBXContainerItemProxy section */

/* Begin PBXFileReference section */
		116CDF2A1B015EB000BCABFE /* Backtrack.app */ = {isa = PBXFileReference; explicitFileType = wrapper.application; includeInIndex = 0; path = Backtrack.app; sourceTree = BUILT_PRODUCTS_DIR; };
		116CDF2E1B015EB000BCABFE /* Info.plist */ = {isa = PBXFileReference; lastKnownFileType = text.plist.xml; path = Info.plist; sourceTree = "<group>"; };
		116CDF2F1B015EB100BCABFE /* AppDelegate.swift */ = {isa = PBXFileReference; lastKnownFileType = sourcecode.swift; path = AppDelegate.swift; sourceTree = "<group>"; };
		116CDF311B015EB100BCABFE /* ViewController.swift */ = {isa = PBXFileReference; lastKnownFileType = sourcecode.swift; path = ViewController.swift; sourceTree = "<group>"; };
		116CDF341B015EB100BCABFE /* Base */ = {isa = PBXFileReference; lastKnownFileType = file.storyboard; name = Base; path = Base.lproj/Main.storyboard; sourceTree = "<group>"; };
		116CDF361B015EB100BCABFE /* Images.xcassets */ = {isa = PBXFileReference; lastKnownFileType = folder.assetcatalog; path = Images.xcassets; sourceTree = "<group>"; };
		116CDF391B015EB100BCABFE /* Base */ = {isa = PBXFileReference; lastKnownFileType = file.xib; name = Base; path = Base.lproj/LaunchScreen.xib; sourceTree = "<group>"; };
		116CDF3F1B015EB100BCABFE /* BacktrackTests.xctest */ = {isa = PBXFileReference; explicitFileType = wrapper.cfbundle; includeInIndex = 0; path = BacktrackTests.xctest; sourceTree = BUILT_PRODUCTS_DIR; };
		116CDF441B015EB100BCABFE /* Info.plist */ = {isa = PBXFileReference; lastKnownFileType = text.plist.xml; path = Info.plist; sourceTree = "<group>"; };
		116CDF451B015EB100BCABFE /* BacktrackTests.swift */ = {isa = PBXFileReference; lastKnownFileType = sourcecode.swift; path = BacktrackTests.swift; sourceTree = "<group>"; };
		116CDF4F1B01651700BCABFE /* BacktrackViewController.swift */ = {isa = PBXFileReference; fileEncoding = 4; lastKnownFileType = sourcecode.swift; path = BacktrackViewController.swift; sourceTree = "<group>"; };
		117E09EC1B35A01C00A4D3EA /* SwiftyJSON.swift */ = {isa = PBXFileReference; fileEncoding = 4; lastKnownFileType = sourcecode.swift; path = SwiftyJSON.swift; sourceTree = "<group>"; };
/* End PBXFileReference section */

/* Begin PBXFrameworksBuildPhase section */
		116CDF271B015EB000BCABFE /* Frameworks */ = {
			isa = PBXFrameworksBuildPhase;
			buildActionMask = 2147483647;
			files = (
			);
			runOnlyForDeploymentPostprocessing = 0;
		};
		116CDF3C1B015EB100BCABFE /* Frameworks */ = {
			isa = PBXFrameworksBuildPhase;
			buildActionMask = 2147483647;
			files = (
			);
			runOnlyForDeploymentPostprocessing = 0;
		};
/* End PBXFrameworksBuildPhase section */

/* Begin PBXGroup section */
		116CDF211B015EB000BCABFE = {
			isa = PBXGroup;
			children = (
				117E09EB1B35A01C00A4D3EA /* vendor */,
				116CDF2C1B015EB000BCABFE /* Backtrack */,
				116CDF421B015EB100BCABFE /* BacktrackTests */,
				116CDF2B1B015EB000BCABFE /* Products */,
			);
			sourceTree = "<group>";
		};
		116CDF2B1B015EB000BCABFE /* Products */ = {
			isa = PBXGroup;
			children = (
				116CDF2A1B015EB000BCABFE /* Backtrack.app */,
				116CDF3F1B015EB100BCABFE /* BacktrackTests.xctest */,
			);
			name = Products;
			sourceTree = "<group>";
		};
		116CDF2C1B015EB000BCABFE /* Backtrack */ = {
			isa = PBXGroup;
			children = (
				116CDF2F1B015EB100BCABFE /* AppDelegate.swift */,
				116CDF311B015EB100BCABFE /* ViewController.swift */,
				116CDF4F1B01651700BCABFE /* BacktrackViewController.swift */,
				116CDF331B015EB100BCABFE /* Main.storyboard */,
				116CDF361B015EB100BCABFE /* Images.xcassets */,
				116CDF381B015EB100BCABFE /* LaunchScreen.xib */,
				116CDF2D1B015EB000BCABFE /* Supporting Files */,
			);
			path = Backtrack;
			sourceTree = "<group>";
		};
		116CDF2D1B015EB000BCABFE /* Supporting Files */ = {
			isa = PBXGroup;
			children = (
				116CDF2E1B015EB000BCABFE /* Info.plist */,
			);
			name = "Supporting Files";
			sourceTree = "<group>";
		};
		116CDF421B015EB100BCABFE /* BacktrackTests */ = {
			isa = PBXGroup;
			children = (
				116CDF451B015EB100BCABFE /* BacktrackTests.swift */,
				116CDF431B015EB100BCABFE /* Supporting Files */,
			);
			path = BacktrackTests;
			sourceTree = "<group>";
		};
		116CDF431B015EB100BCABFE /* Supporting Files */ = {
			isa = PBXGroup;
			children = (
				116CDF441B015EB100BCABFE /* Info.plist */,
			);
			name = "Supporting Files";
			sourceTree = "<group>";
		};
		117E09EB1B35A01C00A4D3EA /* vendor */ = {
			isa = PBXGroup;
			children = (
				117E09EC1B35A01C00A4D3EA /* SwiftyJSON.swift */,
			);
			name = vendor;
			path = Backtrack/vendor;
			sourceTree = "<group>";
		};
/* End PBXGroup section */

/* Begin PBXNativeTarget section */
		116CDF291B015EB000BCABFE /* Backtrack */ = {
			isa = PBXNativeTarget;
			buildConfigurationList = 116CDF491B015EB100BCABFE /* Build configuration list for PBXNativeTarget "Backtrack" */;
			buildPhases = (
				116CDF261B015EB000BCABFE /* Sources */,
				116CDF271B015EB000BCABFE /* Frameworks */,
				116CDF281B015EB000BCABFE /* Resources */,
			);
			buildRules = (
			);
			dependencies = (
			);
			name = Backtrack;
			productName = Backtrack;
			productReference = 116CDF2A1B015EB000BCABFE /* Backtrack.app */;
			productType = "com.apple.product-type.application";
		};
		116CDF3E1B015EB100BCABFE /* BacktrackTests */ = {
			isa = PBXNativeTarget;
			buildConfigurationList = 116CDF4C1B015EB100BCABFE /* Build configuration list for PBXNativeTarget "BacktrackTests" */;
			buildPhases = (
				116CDF3B1B015EB100BCABFE /* Sources */,
				116CDF3C1B015EB100BCABFE /* Frameworks */,
				116CDF3D1B015EB100BCABFE /* Resources */,
			);
			buildRules = (
			);
			dependencies = (
				116CDF411B015EB100BCABFE /* PBXTargetDependency */,
			);
			name = BacktrackTests;
			productName = BacktrackTests;
			productReference = 116CDF3F1B015EB100BCABFE /* BacktrackTests.xctest */;
			productType = "com.apple.product-type.bundle.unit-test";
		};
/* End PBXNativeTarget section */

/* Begin PBXProject section */
		116CDF221B015EB000BCABFE /* Project object */ = {
			isa = PBXProject;
			attributes = {
				LastUpgradeCheck = 0630;
				ORGANIZATIONNAME = "Arnaud Mesureur";
				TargetAttributes = {
					116CDF291B015EB000BCABFE = {
						CreatedOnToolsVersion = 6.3.1;
					};
					116CDF3E1B015EB100BCABFE = {
						CreatedOnToolsVersion = 6.3.1;
						TestTargetID = 116CDF291B015EB000BCABFE;
					};
				};
			};
			buildConfigurationList = 116CDF251B015EB000BCABFE /* Build configuration list for PBXProject "Backtrack" */;
			compatibilityVersion = "Xcode 3.2";
			developmentRegion = English;
			hasScannedForEncodings = 0;
			knownRegions = (
				en,
				Base,
			);
			mainGroup = 116CDF211B015EB000BCABFE;
			productRefGroup = 116CDF2B1B015EB000BCABFE /* Products */;
			projectDirPath = "";
			projectRoot = "";
			targets = (
				116CDF291B015EB000BCABFE /* Backtrack */,
				116CDF3E1B015EB100BCABFE /* BacktrackTests */,
			);
		};
/* End PBXProject section */

/* Begin PBXResourcesBuildPhase section */
		116CDF281B015EB000BCABFE /* Resources */ = {
			isa = PBXResourcesBuildPhase;
			buildActionMask = 2147483647;
			files = (
				116CDF351B015EB100BCABFE /* Main.storyboard in Resources */,
				116CDF3A1B015EB100BCABFE /* LaunchScreen.xib in Resources */,
				116CDF371B015EB100BCABFE /* Images.xcassets in Resources */,
			);
			runOnlyForDeploymentPostprocessing = 0;
		};
		116CDF3D1B015EB100BCABFE /* Resources */ = {
			isa = PBXResourcesBuildPhase;
			buildActionMask = 2147483647;
			files = (
			);
			runOnlyForDeploymentPostprocessing = 0;
		};
/* End PBXResourcesBuildPhase section */

/* Begin PBXSourcesBuildPhase section */
		116CDF261B015EB000BCABFE /* Sources */ = {
			isa = PBXSourcesBuildPhase;
			buildActionMask = 2147483647;
			files = (
				116CDF321B015EB100BCABFE /* ViewController.swift in Sources */,
				116CDF501B01651700BCABFE /* BacktrackViewController.swift in Sources */,
				116CDF301B015EB100BCABFE /* AppDelegate.swift in Sources */,
				117E09ED1B35A01C00A4D3EA /* SwiftyJSON.swift in Sources */,
			);
			runOnlyForDeploymentPostprocessing = 0;
		};
		116CDF3B1B015EB100BCABFE /* Sources */ = {
			isa = PBXSourcesBuildPhase;
			buildActionMask = 2147483647;
			files = (
				116CDF461B015EB100BCABFE /* BacktrackTests.swift in Sources */,
			);
			runOnlyForDeploymentPostprocessing = 0;
		};
/* End PBXSourcesBuildPhase section */

/* Begin PBXTargetDependency section */
		116CDF411B015EB100BCABFE /* PBXTargetDependency */ = {
			isa = PBXTargetDependency;
			target = 116CDF291B015EB000BCABFE /* Backtrack */;
			targetProxy = 116CDF401B015EB100BCABFE /* PBXContainerItemProxy */;
		};
/* End PBXTargetDependency section */

/* Begin PBXVariantGroup section */
		116CDF331B015EB100BCABFE /* Main.storyboard */ = {
			isa = PBXVariantGroup;
			children = (
				116CDF341B015EB100BCABFE /* Base */,
			);
			name = Main.storyboard;
			sourceTree = "<group>";
		};
		116CDF381B015EB100BCABFE /* LaunchScreen.xib */ = {
			isa = PBXVariantGroup;
			children = (
				116CDF391B015EB100BCABFE /* Base */,
			);
			name = LaunchScreen.xib;
			sourceTree = "<group>";
		};
/* End PBXVariantGroup section */

/* Begin XCBuildConfiguration section */
		116CDF471B015EB100BCABFE /* Debug */ = {
			isa = XCBuildConfiguration;
			buildSettings = {
				ALWAYS_SEARCH_USER_PATHS = NO;
				CLANG_CXX_LANGUAGE_STANDARD = "gnu++0x";
				CLANG_CXX_LIBRARY = "libc++";
				CLANG_ENABLE_MODULES = YES;
				CLANG_ENABLE_OBJC_ARC = YES;
				CLANG_WARN_BOOL_CONVERSION = YES;
				CLANG_WARN_CONSTANT_CONVERSION = YES;
				CLANG_WARN_DIRECT_OBJC_ISA_USAGE = YES_ERROR;
				CLANG_WARN_EMPTY_BODY = YES;
				CLANG_WARN_ENUM_CONVERSION = YES;
				CLANG_WARN_INT_CONVERSION = YES;
				CLANG_WARN_OBJC_ROOT_CLASS = YES_ERROR;
				CLANG_WARN_UNREACHABLE_CODE = YES;
				CLANG_WARN__DUPLICATE_METHOD_MATCH = YES;
				"CODE_SIGN_IDENTITY[sdk=iphoneos*]" = "iPhone Developer";
				COPY_PHASE_STRIP = NO;
				DEBUG_INFORMATION_FORMAT = "dwarf-with-dsym";
				ENABLE_STRICT_OBJC_MSGSEND = YES;
				GCC_C_LANGUAGE_STANDARD = gnu99;
				GCC_DYNAMIC_NO_PIC = NO;
				GCC_NO_COMMON_BLOCKS = YES;
				GCC_OPTIMIZATION_LEVEL = 0;
				GCC_PREPROCESSOR_DEFINITIONS = (
					"DEBUG=1",
					"$(inherited)",
				);
				GCC_SYMBOLS_PRIVATE_EXTERN = NO;
				GCC_WARN_64_TO_32_BIT_CONVERSION = YES;
				GCC_WARN_ABOUT_RETURN_TYPE = YES_ERROR;
				GCC_WARN_UNDECLARED_SELECTOR = YES;
				GCC_WARN_UNINITIALIZED_AUTOS = YES_AGGRESSIVE;
				GCC_WARN_UNUSED_FUNCTION = YES;
				GCC_WARN_UNUSED_VARIABLE = YES;
				IPHONEOS_DEPLOYMENT_TARGET = 8.3;
				MTL_ENABLE_DEBUG_INFO = YES;
				ONLY_ACTIVE_ARCH = YES;
				SDKROOT = iphoneos;
				SWIFT_OPTIMIZATION_LEVEL = "-Onone";
			};
			name = Debug;
		};
		116CDF481B015EB100BCABFE /* Release */ = {
			isa = XCBuildConfiguration;
			buildSettings = {
				ALWAYS_SEARCH_USER_PATHS = NO;
				CLANG_CXX_LANGUAGE_STANDARD = "gnu++0x";
				CLANG_CXX_LIBRARY = "libc++";
				CLANG_ENABLE_MODULES = YES;
				CLANG_ENABLE_OBJC_ARC = YES;
				CLANG_WARN_BOOL_CONVERSION = YES;
				CLANG_WARN_CONSTANT_CONVERSION = YES;
				CLANG_WARN_DIRECT_OBJC_ISA_USAGE = YES_ERROR;
				CLANG_WARN_EMPTY_BODY = YES;
				CLANG_WARN_ENUM_CONVERSION = YES;
				CLANG_WARN_INT_CONVERSION = YES;
				CLANG_WARN_OBJC_ROOT_CLASS = YES_ERROR;
				CLANG_WARN_UNREACHABLE_CODE = YES;
				CLANG_WARN__DUPLICATE_METHOD_MATCH = YES;
				"CODE_SIGN_IDENTITY[sdk=iphoneos*]" = "iPhone Developer";
				COPY_PHASE_STRIP = NO;
				DEBUG_INFORMATION_FORMAT = "dwarf-with-dsym";
				ENABLE_NS_ASSERTIONS = NO;
				ENABLE_STRICT_OBJC_MSGSEND = YES;
				GCC_C_LANGUAGE_STANDARD = gnu99;
				GCC_NO_COMMON_BLOCKS = YES;
				GCC_WARN_64_TO_32_BIT_CONVERSION = YES;
				GCC_WARN_ABOUT_RETURN_TYPE = YES_ERROR;
				GCC_WARN_UNDECLARED_SELECTOR = YES;
				GCC_WARN_UNINITIALIZED_AUTOS = YES_AGGRESSIVE;
				GCC_WARN_UNUSED_FUNCTION = YES;
				GCC_WARN_UNUSED_VARIABLE = YES;
				IPHONEOS_DEPLOYMENT_TARGET = 8.3;
				MTL_ENABLE_DEBUG_INFO = NO;
				SDKROOT = iphoneos;
				VALIDATE_PRODUCT = YES;
			};
			name = Release;
		};
		116CDF4A1B015EB100BCABFE /* Debug */ = {
			isa = XCBuildConfiguration;
			buildSettings = {
				ASSETCATALOG_COMPILER_APPICON_NAME = AppIcon;
				INFOPLIST_FILE = Backtrack/Info.plist;
				LD_RUNPATH_SEARCH_PATHS = "$(inherited) @executable_path/Frameworks";
				PRODUCT_NAME = "$(TARGET_NAME)";
			};
			name = Debug;
		};
		116CDF4B1B015EB100BCABFE /* Release */ = {
			isa = XCBuildConfiguration;
			buildSettings = {
				ASSETCATALOG_COMPILER_APPICON_NAME = AppIcon;
				INFOPLIST_FILE = Backtrack/Info.plist;
				LD_RUNPATH_SEARCH_PATHS = "$(inherited) @executable_path/Frameworks";
				PRODUCT_NAME = "$(TARGET_NAME)";
			};
			name = Release;
		};
		116CDF4D1B015EB100BCABFE /* Debug */ = {
			isa = XCBuildConfiguration;
			buildSettings = {
				BUNDLE_LOADER = "$(TEST_HOST)";
				FRAMEWORK_SEARCH_PATHS = (
					"$(SDKROOT)/Developer/Library/Frameworks",
					"$(inherited)",
				);
				GCC_PREPROCESSOR_DEFINITIONS = (
					"DEBUG=1",
					"$(inherited)",
				);
				INFOPLIST_FILE = BacktrackTests/Info.plist;
				LD_RUNPATH_SEARCH_PATHS = "$(inherited) @executable_path/Frameworks @loader_path/Frameworks";
				PRODUCT_NAME = "$(TARGET_NAME)";
				TEST_HOST = "$(BUILT_PRODUCTS_DIR)/Backtrack.app/Backtrack";
			};
			name = Debug;
		};
		116CDF4E1B015EB100BCABFE /* Release */ = {
			isa = XCBuildConfiguration;
			buildSettings = {
				BUNDLE_LOADER = "$(TEST_HOST)";
				FRAMEWORK_SEARCH_PATHS = (
					"$(SDKROOT)/Developer/Library/Frameworks",
					"$(inherited)",
				);
				INFOPLIST_FILE = BacktrackTests/Info.plist;
				LD_RUNPATH_SEARCH_PATHS = "$(inherited) @executable_path/Frameworks @loader_path/Frameworks";
				PRODUCT_NAME = "$(TARGET_NAME)";
				TEST_HOST = "$(BUILT_PRODUCTS_DIR)/Backtrack.app/Backtrack";
			};
			name = Release;
		};
/* End XCBuildConfiguration section */

/* Begin XCConfigurationList section */
		116CDF251B015EB000BCABFE /* Build configuration list for PBXProject "Backtrack" */ = {
			isa = XCConfigurationList;
			buildConfigurations = (
				116CDF471B015EB100BCABFE /* Debug */,
				116CDF481B015EB100BCABFE /* Release */,
			);
			defaultConfigurationIsVisible = 0;
			defaultConfigurationName = Release;
		};
		116CDF491B015EB100BCABFE /* Build configuration list for PBXNativeTarget "Backtrack" */ = {
			isa = XCConfigurationList;
			buildConfigurations = (
				116CDF4A1B015EB100BCABFE /* Debug */,
				116CDF4B1B015EB100BCABFE /* Release */,
			);
			defaultConfigurationIsVisible = 0;
			defaultConfigurationName = Release;
		};
		116CDF4C1B015EB100BCABFE /* Build configuration list for PBXNativeTarget "BacktrackTests" */ = {
			isa = XCConfigurationList;
			buildConfigurations = (
				116CDF4D1B015EB100BCABFE /* Debug */,
				116CDF4E1B015EB100BCABFE /* Release */,
			);
			defaultConfigurationIsVisible = 0;
			defaultConfigurationName = Release;
		};
/* End XCConfigurationList section */
	};
	rootObject = 116CDF221B015EB000BCABFE /* Project object */;
}
